
Microsoft Visual Studio Solution File, Format Version 12.00
Project("{FAE04EC0-301F-11D3-BF4B-00C04F79EFBC}") = "CsharpCompilerService", "CsharpCompilerService\CsharpCompilerService.csproj", "{CBA951F8-A3CC-4066-A2B3-55AC99715B5F}"
EndProject
Project("{2150E333-8FDC-42A3-9474-1A3956D46DE8}") = "Solution Items", "Solution Items", "{AF66B003-72C1-4D11-AB25-D4F0D4CFF2FC}"
	ProjectSection(SolutionItems) = preProject
		docker-compose.yml = docker-compose.yml
	EndProjectSection
EndProject
Project("{FAE04EC0-301F-11D3-BF4B-00C04F79EFBC}") = "Application", "Application\Application.csproj", "{B78BA062-6B9C-42CD-8075-747E8450B2E0}"
EndProject
Project("{FAE04EC0-301F-11D3-BF4B-00C04F79EFBC}") = "Common", "Common\Common.csproj", "{DAA20C7E-2D74-4C7F-AFA8-82EB05593A21}"
EndProject
Project("{FAE04EC0-301F-11D3-BF4B-00C04F79EFBC}") = "CompileResultsUpdaterService", "CompileResultsUpdaterService\CompileResultsUpdaterService.csproj", "{C18A99A3-AA01-425F-B05C-875160A53FE6}"
EndProject
Project("{FAE04EC0-301F-11D3-BF4B-00C04F79EFBC}") = "PythonCompilerService", "PythonCompilerService\PythonCompilerService.csproj", "{08B102F4-BAE7-4CA9-BB0A-988BE86B2A91}"
EndProject
Global
	GlobalSection(SolutionConfigurationPlatforms) = preSolution
		Debug|Any CPU = Debug|Any CPU
		Release|Any CPU = Release|Any CPU
	EndGlobalSection
	GlobalSection(ProjectConfigurationPlatforms) = postSolution
		{CBA951F8-A3CC-4066-A2B3-55AC99715B5F}.Debug|Any CPU.ActiveCfg = Debug|Any CPU
		{CBA951F8-A3CC-4066-A2B3-55AC99715B5F}.Debug|Any CPU.Build.0 = Debug|Any CPU
		{CBA951F8-A3CC-4066-A2B3-55AC99715B5F}.Release|Any CPU.ActiveCfg = Release|Any CPU
		{CBA951F8-A3CC-4066-A2B3-55AC99715B5F}.Release|Any CPU.Build.0 = Release|Any CPU
		{B78BA062-6B9C-42CD-8075-747E8450B2E0}.Debug|Any CPU.ActiveCfg = Debug|Any CPU
		{B78BA062-6B9C-42CD-8075-747E8450B2E0}.Debug|Any CPU.Build.0 = Debug|Any CPU
		{B78BA062-6B9C-42CD-8075-747E8450B2E0}.Release|Any CPU.ActiveCfg = Release|Any CPU
		{B78BA062-6B9C-42CD-8075-747E8450B2E0}.Release|Any CPU.Build.0 = Release|Any CPU
		{DAA20C7E-2D74-4C7F-AFA8-82EB05593A21}.Debug|Any CPU.ActiveCfg = Debug|Any CPU
		{DAA20C7E-2D74-4C7F-AFA8-82EB05593A21}.Debug|Any CPU.Build.0 = Debug|Any CPU
		{DAA20C7E-2D74-4C7F-AFA8-82EB05593A21}.Release|Any CPU.ActiveCfg = Release|Any CPU
		{DAA20C7E-2D74-4C7F-AFA8-82EB05593A21}.Release|Any CPU.Build.0 = Release|Any CPU
		{C18A99A3-AA01-425F-B05C-875160A53FE6}.Debug|Any CPU.ActiveCfg = Debug|Any CPU
		{C18A99A3-AA01-425F-B05C-875160A53FE6}.Debug|Any CPU.Build.0 = Debug|Any CPU
		{C18A99A3-AA01-425F-B05C-875160A53FE6}.Release|Any CPU.ActiveCfg = Release|Any CPU
		{C18A99A3-AA01-425F-B05C-875160A53FE6}.Release|Any CPU.Build.0 = Release|Any CPU
		{08B102F4-BAE7-4CA9-BB0A-988BE86B2A91}.Debug|Any CPU.ActiveCfg = Debug|Any CPU
		{08B102F4-BAE7-4CA9-BB0A-988BE86B2A91}.Debug|Any CPU.Build.0 = Debug|Any CPU
		{08B102F4-BAE7-4CA9-BB0A-988BE86B2A91}.Release|Any CPU.ActiveCfg = Release|Any CPU
		{08B102F4-BAE7-4CA9-BB0A-988BE86B2A91}.Release|Any CPU.Build.0 = Release|Any CPU
	EndGlobalSection
EndGlobal
